
Microsoft Visual Studio Solution File, Format Version 12.00
# Visual Studio Version 17
VisualStudioVersion = 17.4.33213.308
MinimumVisualStudioVersion = 10.0.40219.1
Project("{9A19103F-16F7-4668-BE54-9A1E7A4F7556}") = "Libss", "Libss\Libss.csproj", "{14EBE348-E840-46E7-AFAB-F2E4198344D4}"
EndProject
Project("{FAE04EC0-301F-11D3-BF4B-00C04F79EFBC}") = "StyleLib", "StyleLib\StyleLib.csproj", "{9EBC70A8-9520-445E-BB10-294622F6B541}"
EndProject
Project("{FAE04EC0-301F-11D3-BF4B-00C04F79EFBC}") = "FunctionalLib", "FunctionalLib\FunctionalLib.csproj", "{09601EEF-695F-492F-892C-CEC5036B9D0D}"
EndProject
Global
	GlobalSection(SolutionConfigurationPlatforms) = preSolution
		Debug|Any CPU = Debug|Any CPU
		Release|Any CPU = Release|Any CPU
	EndGlobalSection
	GlobalSection(ProjectConfigurationPlatforms) = postSolution
		{14EBE348-E840-46E7-AFAB-F2E4198344D4}.Debug|Any CPU.ActiveCfg = Debug|Any CPU
		{14EBE348-E840-46E7-AFAB-F2E4198344D4}.Debug|Any CPU.Build.0 = Debug|Any CPU
		{14EBE348-E840-46E7-AFAB-F2E4198344D4}.Release|Any CPU.ActiveCfg = Release|Any CPU
		{14EBE348-E840-46E7-AFAB-F2E4198344D4}.Release|Any CPU.Build.0 = Release|Any CPU
		{9EBC70A8-9520-445E-BB10-294622F6B541}.Debug|Any CPU.ActiveCfg = Debug|Any CPU
		{9EBC70A8-9520-445E-BB10-294622F6B541}.Debug|Any CPU.Build.0 = Debug|Any CPU
		{9EBC70A8-9520-445E-BB10-294622F6B541}.Release|Any CPU.ActiveCfg = Release|Any CPU
		{9EBC70A8-9520-445E-BB10-294622F6B541}.Release|Any CPU.Build.0 = Release|Any CPU
		{09601EEF-695F-492F-892C-CEC5036B9D0D}.Debug|Any CPU.ActiveCfg = Debug|Any CPU
		{09601EEF-695F-492F-892C-CEC5036B9D0D}.Debug|Any CPU.Build.0 = Debug|Any CPU
		{09601EEF-695F-492F-892C-CEC5036B9D0D}.Release|Any CPU.ActiveCfg = Release|Any CPU
		{09601EEF-695F-492F-892C-CEC5036B9D0D}.Release|Any CPU.Build.0 = Release|Any CPU
	EndGlobalSection
	GlobalSection(SolutionProperties) = preSolution
		HideSolutionNode = FALSE
	EndGlobalSection
	GlobalSection(ExtensibilityGlobals) = postSolution
		SolutionGuid = {C3881AF2-EC80-4506-AB3C-3A5E9AD5148A}
	EndGlobalSection
EndGlobal
